{
	"name": "bulkjobscheduler",
	"version": "1.0.0",
	"lockfileVersion": 3,
	"requires": true,
	"packages": {
		"": {
			"name": "bulkjobscheduler",
			"version": "1.0.0",
			"dependencies": {
				"zcatalyst-sdk-node": "latest"
			}
		},
		"node_modules/zcatalyst-sdk-node": {
			"version": "3.1.0",
			"resolved": "https://registry.npmjs.org/zcatalyst-sdk-node/-/zcatalyst-sdk-node-3.1.0.tgz",
			"integrity": "sha512-oag/t6lINDYfjpG0yrztwEqiqlPdWZyiz7hEqo9/II92aIoH1Gzg8GJ3P4eLHNopEFsCuaW41MTZcJLkNl2wRA==",
			"engines": {
				"node": ">=10.0.0"
			}
		}
	}
}
